
Microsoft Visual Studio Solution File, Format Version 12.00
# Visual Studio Version 17
VisualStudioVersion = 17.8.34511.84
MinimumVisualStudioVersion = 10.0.40219.1
Project("{9A19103F-16F7-4668-BE54-9A1E7A4F7556}") = "QuickResponder.Domain", "QuickResponder.Domain\QuickResponder.Domain.csproj", "{3AD16993-B52C-400A-BDCA-11720B83F8EB}"
EndProject
Project("{9A19103F-16F7-4668-BE54-9A1E7A4F7556}") = "QuickResponder.Infrastructure", "QuickResponder.Infrastructure\QuickResponder.Infrastructure.csproj", "{4031B946-7FEF-40DC-914A-37EB1B283FB9}"
EndProject
Project("{9A19103F-16F7-4668-BE54-9A1E7A4F7556}") = "QuickResponder.Business", "QuickResponder.Business\QuickResponder.Business.csproj", "{27BD70A9-58F3-4E3C-807C-460A03074D32}"
EndProject
Project("{9A19103F-16F7-4668-BE54-9A1E7A4F7556}") = "QuickResponder.API", "QuickResponder.API\QuickResponder.API.csproj", "{84B03A0F-661F-4CCD-8FAD-4BDB20895057}"
EndProject
Project("{9A19103F-16F7-4668-BE54-9A1E7A4F7556}") = "QuickResponder", "QuickResponder\QuickResponder.csproj", "{4C4E6D48-0026-411D-B222-C14BA035AE4D}"
EndProject
Project("{FAE04EC0-301F-11D3-BF4B-00C04F79EFBC}") = "QuickResponder.Console", "QuickResponder.Console\QuickResponder.Console.csproj", "{6D2146A6-4665-4BB4-97F6-579D87F3785F}"
EndProject
Global
	GlobalSection(SolutionConfigurationPlatforms) = preSolution
		Debug|Any CPU = Debug|Any CPU
		Release|Any CPU = Release|Any CPU
	EndGlobalSection
	GlobalSection(ProjectConfigurationPlatforms) = postSolution
		{3AD16993-B52C-400A-BDCA-11720B83F8EB}.Debug|Any CPU.ActiveCfg = Debug|Any CPU
		{3AD16993-B52C-400A-BDCA-11720B83F8EB}.Debug|Any CPU.Build.0 = Debug|Any CPU
		{3AD16993-B52C-400A-BDCA-11720B83F8EB}.Release|Any CPU.ActiveCfg = Release|Any CPU
		{3AD16993-B52C-400A-BDCA-11720B83F8EB}.Release|Any CPU.Build.0 = Release|Any CPU
		{4031B946-7FEF-40DC-914A-37EB1B283FB9}.Debug|Any CPU.ActiveCfg = Debug|Any CPU
		{4031B946-7FEF-40DC-914A-37EB1B283FB9}.Debug|Any CPU.Build.0 = Debug|Any CPU
		{4031B946-7FEF-40DC-914A-37EB1B283FB9}.Release|Any CPU.ActiveCfg = Release|Any CPU
		{4031B946-7FEF-40DC-914A-37EB1B283FB9}.Release|Any CPU.Build.0 = Release|Any CPU
		{27BD70A9-58F3-4E3C-807C-460A03074D32}.Debug|Any CPU.ActiveCfg = Debug|Any CPU
		{27BD70A9-58F3-4E3C-807C-460A03074D32}.Debug|Any CPU.Build.0 = Debug|Any CPU
		{27BD70A9-58F3-4E3C-807C-460A03074D32}.Release|Any CPU.ActiveCfg = Release|Any CPU
		{27BD70A9-58F3-4E3C-807C-460A03074D32}.Release|Any CPU.Build.0 = Release|Any CPU
		{84B03A0F-661F-4CCD-8FAD-4BDB20895057}.Debug|Any CPU.ActiveCfg = Debug|Any CPU
		{84B03A0F-661F-4CCD-8FAD-4BDB20895057}.Debug|Any CPU.Build.0 = Debug|Any CPU
		{84B03A0F-661F-4CCD-8FAD-4BDB20895057}.Release|Any CPU.ActiveCfg = Release|Any CPU
		{84B03A0F-661F-4CCD-8FAD-4BDB20895057}.Release|Any CPU.Build.0 = Release|Any CPU
		{4C4E6D48-0026-411D-B222-C14BA035AE4D}.Debug|Any CPU.ActiveCfg = Debug|Any CPU
		{4C4E6D48-0026-411D-B222-C14BA035AE4D}.Debug|Any CPU.Build.0 = Debug|Any CPU
		{4C4E6D48-0026-411D-B222-C14BA035AE4D}.Debug|Any CPU.Deploy.0 = Debug|Any CPU
		{4C4E6D48-0026-411D-B222-C14BA035AE4D}.Release|Any CPU.ActiveCfg = Release|Any CPU
		{4C4E6D48-0026-411D-B222-C14BA035AE4D}.Release|Any CPU.Build.0 = Release|Any CPU
		{4C4E6D48-0026-411D-B222-C14BA035AE4D}.Release|Any CPU.Deploy.0 = Release|Any CPU
		{6D2146A6-4665-4BB4-97F6-579D87F3785F}.Debug|Any CPU.ActiveCfg = Debug|Any CPU
		{6D2146A6-4665-4BB4-97F6-579D87F3785F}.Debug|Any CPU.Build.0 = Debug|Any CPU
		{6D2146A6-4665-4BB4-97F6-579D87F3785F}.Release|Any CPU.ActiveCfg = Release|Any CPU
		{6D2146A6-4665-4BB4-97F6-579D87F3785F}.Release|Any CPU.Build.0 = Release|Any CPU
	EndGlobalSection
	GlobalSection(SolutionProperties) = preSolution
		HideSolutionNode = FALSE
	EndGlobalSection
	GlobalSection(ExtensibilityGlobals) = postSolution
		SolutionGuid = {880204B1-0D82-4879-BDD9-C21F0AAAB34F}
	EndGlobalSection
EndGlobal
